
Microsoft Visual Studio Solution File, Format Version 12.00
# Visual Studio Version 16
VisualStudioVersion = 16.0.30503.244
MinimumVisualStudioVersion = 10.0.40219.1
Project("{8BC9CEB8-8B4A-11D0-8D11-00A0C91BC942}") = "RUAP-project", "RUAP-project.vcxproj", "{9E5C5775-0009-4131-8A2C-8477EE702EC3}"
EndProject
Global
	GlobalSection(SolutionConfigurationPlatforms) = preSolution
		Debug|x64 = Debug|x64
		Debug|x86 = Debug|x86
		Release|x64 = Release|x64
		Release|x86 = Release|x86
	EndGlobalSection
	GlobalSection(ProjectConfigurationPlatforms) = postSolution
		{9E5C5775-0009-4131-8A2C-8477EE702EC3}.Debug|x64.ActiveCfg = Debug|x64
		{9E5C5775-0009-4131-8A2C-8477EE702EC3}.Debug|x64.Build.0 = Debug|x64
		{9E5C5775-0009-4131-8A2C-8477EE702EC3}.Debug|x86.ActiveCfg = Debug|Win32
		{9E5C5775-0009-4131-8A2C-8477EE702EC3}.Debug|x86.Build.0 = Debug|Win32
		{9E5C5775-0009-4131-8A2C-8477EE702EC3}.Release|x64.ActiveCfg = Release|x64
		{9E5C5775-0009-4131-8A2C-8477EE702EC3}.Release|x64.Build.0 = Release|x64
		{9E5C5775-0009-4131-8A2C-8477EE702EC3}.Release|x86.ActiveCfg = Release|Win32
		{9E5C5775-0009-4131-8A2C-8477EE702EC3}.Release|x86.Build.0 = Release|Win32
	EndGlobalSection
	GlobalSection(SolutionProperties) = preSolution
		HideSolutionNode = FALSE
	EndGlobalSection
	GlobalSection(ExtensibilityGlobals) = postSolution
		SolutionGuid = {73A7BAA6-BFE4-42FF-8669-B9A8C4F1841A}
	EndGlobalSection
EndGlobal
